
Microsoft Visual Studio Solution File, Format Version 12.00
# Visual Studio Version 17
VisualStudioVersion = 17.0.32126.317
MinimumVisualStudioVersion = 10.0.40219.1
Project("{FAE04EC0-301F-11D3-BF4B-00C04F79EFBC}") = "RaceCars", "RaceCars\RaceCars.csproj", "{21C353EA-4054-4ED9-AFEC-7320F696D90B}"
EndProject
Global
	GlobalSection(SolutionConfigurationPlatforms) = preSolution
		Debug|Any CPU = Debug|Any CPU
		Release|Any CPU = Release|Any CPU
	EndGlobalSection
	GlobalSection(ProjectConfigurationPlatforms) = postSolution
		{21C353EA-4054-4ED9-AFEC-7320F696D90B}.Debug|Any CPU.ActiveCfg = Debug|Any CPU
		{21C353EA-4054-4ED9-AFEC-7320F696D90B}.Debug|Any CPU.Build.0 = Debug|Any CPU
		{21C353EA-4054-4ED9-AFEC-7320F696D90B}.Release|Any CPU.ActiveCfg = Release|Any CPU
		{21C353EA-4054-4ED9-AFEC-7320F696D90B}.Release|Any CPU.Build.0 = Release|Any CPU
	EndGlobalSection
	GlobalSection(SolutionProperties) = preSolution
		HideSolutionNode = FALSE
	EndGlobalSection
	GlobalSection(ExtensibilityGlobals) = postSolution
		SolutionGuid = {3A0F41FD-B471-47FD-BD9D-7E23C280585F}
	EndGlobalSection
EndGlobal
